
Microsoft Visual Studio Solution File, Format Version 12.00
# Visual Studio Version 17
VisualStudioVersion = 17.7.34031.279
MinimumVisualStudioVersion = 10.0.40219.1
Project("{FAE04EC0-301F-11D3-BF4B-00C04F79EFBC}") = "Praktos666", "Praktos666\Praktos666.csproj", "{60A0B443-B724-491D-B13C-4C1DD16C7586}"
EndProject
Global
	GlobalSection(SolutionConfigurationPlatforms) = preSolution
		Debug|Any CPU = Debug|Any CPU
		Release|Any CPU = Release|Any CPU
	EndGlobalSection
	GlobalSection(ProjectConfigurationPlatforms) = postSolution
		{60A0B443-B724-491D-B13C-4C1DD16C7586}.Debug|Any CPU.ActiveCfg = Debug|Any CPU
		{60A0B443-B724-491D-B13C-4C1DD16C7586}.Debug|Any CPU.Build.0 = Debug|Any CPU
		{60A0B443-B724-491D-B13C-4C1DD16C7586}.Release|Any CPU.ActiveCfg = Release|Any CPU
		{60A0B443-B724-491D-B13C-4C1DD16C7586}.Release|Any CPU.Build.0 = Release|Any CPU
	EndGlobalSection
	GlobalSection(SolutionProperties) = preSolution
		HideSolutionNode = FALSE
	EndGlobalSection
	GlobalSection(ExtensibilityGlobals) = postSolution
		SolutionGuid = {6E0F1F30-EF1A-45AD-A616-97F0F57C92FD}
	EndGlobalSection
EndGlobal
